
Microsoft Visual Studio Solution File, Format Version 12.00
# Visual Studio Version 17
VisualStudioVersion = 17.0.31903.59
MinimumVisualStudioVersion = 10.0.40219.1
Project("{2150E333-8FDC-42A3-9474-1A3956D46DE8}") = "src", "src", "{827E0CD3-B72D-47B6-A68D-7590B98EB39B}"
EndProject
Project("{FAE04EC0-301F-11D3-BF4B-00C04F79EFBC}") = "Budgetr.Shared", "src\Budgetr.Shared\Budgetr.Shared.csproj", "{4B32E651-9A62-4AFF-B64B-56AEE6954365}"
EndProject
Project("{FAE04EC0-301F-11D3-BF4B-00C04F79EFBC}") = "Budgetr.Web", "src\Budgetr.Web\Budgetr.Web.csproj", "{6C2DF836-13D8-4319-9155-EFFAD720EF10}"
EndProject
Project("{2150E333-8FDC-42A3-9474-1A3956D46DE8}") = "tests", "tests", "{3F5A59D5-ED0D-4327-B3DD-079C0D043E22}"
EndProject
Project("{FAE04EC0-301F-11D3-BF4B-00C04F79EFBC}") = "Budgetr.ValidationTest", "tests\Budgetr.ValidationTest\Budgetr.ValidationTest.csproj", "{A4C07E36-7D09-4B7A-A39A-21D02C3F066B}"
EndProject
Global
	GlobalSection(SolutionConfigurationPlatforms) = preSolution
		Debug|Any CPU = Debug|Any CPU
		Release|Any CPU = Release|Any CPU
	EndGlobalSection
	GlobalSection(ProjectConfigurationPlatforms) = postSolution
		{4B32E651-9A62-4AFF-B64B-56AEE6954365}.Debug|Any CPU.ActiveCfg = Debug|Any CPU
		{4B32E651-9A62-4AFF-B64B-56AEE6954365}.Debug|Any CPU.Build.0 = Debug|Any CPU
		{4B32E651-9A62-4AFF-B64B-56AEE6954365}.Release|Any CPU.ActiveCfg = Release|Any CPU
		{4B32E651-9A62-4AFF-B64B-56AEE6954365}.Release|Any CPU.Build.0 = Release|Any CPU
		{6C2DF836-13D8-4319-9155-EFFAD720EF10}.Debug|Any CPU.ActiveCfg = Debug|Any CPU
		{6C2DF836-13D8-4319-9155-EFFAD720EF10}.Debug|Any CPU.Build.0 = Debug|Any CPU
		{6C2DF836-13D8-4319-9155-EFFAD720EF10}.Release|Any CPU.ActiveCfg = Release|Any CPU
		{6C2DF836-13D8-4319-9155-EFFAD720EF10}.Release|Any CPU.Build.0 = Release|Any CPU
		{A4C07E36-7D09-4B7A-A39A-21D02C3F066B}.Debug|Any CPU.ActiveCfg = Debug|Any CPU
		{A4C07E36-7D09-4B7A-A39A-21D02C3F066B}.Debug|Any CPU.Build.0 = Debug|Any CPU
		{A4C07E36-7D09-4B7A-A39A-21D02C3F066B}.Release|Any CPU.ActiveCfg = Release|Any CPU
		{A4C07E36-7D09-4B7A-A39A-21D02C3F066B}.Release|Any CPU.Build.0 = Release|Any CPU
	EndGlobalSection
	GlobalSection(SolutionProperties) = preSolution
		HideSolutionNode = FALSE
	EndGlobalSection
	GlobalSection(NestedProjects) = preSolution
		{4B32E651-9A62-4AFF-B64B-56AEE6954365} = {827E0CD3-B72D-47B6-A68D-7590B98EB39B}
		{6C2DF836-13D8-4319-9155-EFFAD720EF10} = {827E0CD3-B72D-47B6-A68D-7590B98EB39B}
		{A4C07E36-7D09-4B7A-A39A-21D02C3F066B} = {3F5A59D5-ED0D-4327-B3DD-079C0D043E22}
	EndGlobalSection
EndGlobal
