
Microsoft Visual Studio Solution File, Format Version 12.00
# Visual Studio Version 17
VisualStudioVersion = 17.0.31903.59
MinimumVisualStudioVersion = 10.0.40219.1
Project("{2150E333-8FDC-42A3-9474-1A3956D46DE8}") = "src", "src", "{827E0CD3-B72D-47B6-A68D-7590B98EB39B}"
EndProject
Project("{FAE04EC0-301F-11D3-BF4B-00C04F79EFBC}") = "Kairos.Web", "src\Kairos.Web\Kairos.Web.csproj", "{6C2DF836-13D8-4319-9155-EFFAD720EF10}"
EndProject
Project("{2150E333-8FDC-42A3-9474-1A3956D46DE8}") = "tests", "tests", "{3F5A59D5-ED0D-4327-B3DD-079C0D043E22}"
EndProject
Project("{FAE04EC0-301F-11D3-BF4B-00C04F79EFBC}") = "Kairos.ValidationTest", "tests\Kairos.ValidationTest\Kairos.ValidationTest.csproj", "{A4C07E36-7D09-4B7A-A39A-21D02C3F066B}"
EndProject
Project("{FAE04EC0-301F-11D3-BF4B-00C04F79EFBC}") = "Kairos.Core", "src\Kairos.Core\Kairos.Core.csproj", "{1A968562-B38D-454E-9015-FD8788010D31}"
EndProject
Project("{FAE04EC0-301F-11D3-BF4B-00C04F79EFBC}") = "Kairos.Application", "src\Kairos.Application\Kairos.Application.csproj", "{2BCDF360-74E1-42E9-AE1F-91CB3B63B11E}"
EndProject
Project("{FAE04EC0-301F-11D3-BF4B-00C04F79EFBC}") = "Kairos.Infrastructure", "src\Kairos.Infrastructure\Kairos.Infrastructure.csproj", "{72AB7F0F-C52B-4A33-AEA1-1246B7C51AB3}"
EndProject
Project("{FAE04EC0-301F-11D3-BF4B-00C04F79EFBC}") = "Kairos.App", "src\Kairos.App\Kairos.App.csproj", "{38E19BE0-B8BB-4E7A-BF16-566AE2853256}"
EndProject
Global
	GlobalSection(SolutionConfigurationPlatforms) = preSolution
		Debug|Any CPU = Debug|Any CPU
		Debug|x64 = Debug|x64
		Debug|x86 = Debug|x86
		Release|Any CPU = Release|Any CPU
		Release|x64 = Release|x64
		Release|x86 = Release|x86
	EndGlobalSection
	GlobalSection(ProjectConfigurationPlatforms) = postSolution
		{6C2DF836-13D8-4319-9155-EFFAD720EF10}.Debug|Any CPU.ActiveCfg = Debug|Any CPU
		{6C2DF836-13D8-4319-9155-EFFAD720EF10}.Debug|Any CPU.Build.0 = Debug|Any CPU
		{6C2DF836-13D8-4319-9155-EFFAD720EF10}.Debug|x64.ActiveCfg = Debug|Any CPU
		{6C2DF836-13D8-4319-9155-EFFAD720EF10}.Debug|x64.Build.0 = Debug|Any CPU
		{6C2DF836-13D8-4319-9155-EFFAD720EF10}.Debug|x86.ActiveCfg = Debug|Any CPU
		{6C2DF836-13D8-4319-9155-EFFAD720EF10}.Debug|x86.Build.0 = Debug|Any CPU
		{6C2DF836-13D8-4319-9155-EFFAD720EF10}.Release|Any CPU.ActiveCfg = Release|Any CPU
		{6C2DF836-13D8-4319-9155-EFFAD720EF10}.Release|Any CPU.Build.0 = Release|Any CPU
		{6C2DF836-13D8-4319-9155-EFFAD720EF10}.Release|x64.ActiveCfg = Release|Any CPU
		{6C2DF836-13D8-4319-9155-EFFAD720EF10}.Release|x64.Build.0 = Release|Any CPU
		{6C2DF836-13D8-4319-9155-EFFAD720EF10}.Release|x86.ActiveCfg = Release|Any CPU
		{6C2DF836-13D8-4319-9155-EFFAD720EF10}.Release|x86.Build.0 = Release|Any CPU
		{A4C07E36-7D09-4B7A-A39A-21D02C3F066B}.Debug|Any CPU.ActiveCfg = Debug|Any CPU
		{A4C07E36-7D09-4B7A-A39A-21D02C3F066B}.Debug|Any CPU.Build.0 = Debug|Any CPU
		{A4C07E36-7D09-4B7A-A39A-21D02C3F066B}.Debug|x64.ActiveCfg = Debug|Any CPU
		{A4C07E36-7D09-4B7A-A39A-21D02C3F066B}.Debug|x64.Build.0 = Debug|Any CPU
		{A4C07E36-7D09-4B7A-A39A-21D02C3F066B}.Debug|x86.ActiveCfg = Debug|Any CPU
		{A4C07E36-7D09-4B7A-A39A-21D02C3F066B}.Debug|x86.Build.0 = Debug|Any CPU
		{A4C07E36-7D09-4B7A-A39A-21D02C3F066B}.Release|Any CPU.ActiveCfg = Release|Any CPU
		{A4C07E36-7D09-4B7A-A39A-21D02C3F066B}.Release|Any CPU.Build.0 = Release|Any CPU
		{A4C07E36-7D09-4B7A-A39A-21D02C3F066B}.Release|x64.ActiveCfg = Release|Any CPU
		{A4C07E36-7D09-4B7A-A39A-21D02C3F066B}.Release|x64.Build.0 = Release|Any CPU
		{A4C07E36-7D09-4B7A-A39A-21D02C3F066B}.Release|x86.ActiveCfg = Release|Any CPU
		{A4C07E36-7D09-4B7A-A39A-21D02C3F066B}.Release|x86.Build.0 = Release|Any CPU
		{1A968562-B38D-454E-9015-FD8788010D31}.Debug|Any CPU.ActiveCfg = Debug|Any CPU
		{1A968562-B38D-454E-9015-FD8788010D31}.Debug|Any CPU.Build.0 = Debug|Any CPU
		{1A968562-B38D-454E-9015-FD8788010D31}.Debug|x64.ActiveCfg = Debug|Any CPU
		{1A968562-B38D-454E-9015-FD8788010D31}.Debug|x64.Build.0 = Debug|Any CPU
		{1A968562-B38D-454E-9015-FD8788010D31}.Debug|x86.ActiveCfg = Debug|Any CPU
		{1A968562-B38D-454E-9015-FD8788010D31}.Debug|x86.Build.0 = Debug|Any CPU
		{1A968562-B38D-454E-9015-FD8788010D31}.Release|Any CPU.ActiveCfg = Release|Any CPU
		{1A968562-B38D-454E-9015-FD8788010D31}.Release|Any CPU.Build.0 = Release|Any CPU
		{1A968562-B38D-454E-9015-FD8788010D31}.Release|x64.ActiveCfg = Release|Any CPU
		{1A968562-B38D-454E-9015-FD8788010D31}.Release|x64.Build.0 = Release|Any CPU
		{1A968562-B38D-454E-9015-FD8788010D31}.Release|x86.ActiveCfg = Release|Any CPU
		{1A968562-B38D-454E-9015-FD8788010D31}.Release|x86.Build.0 = Release|Any CPU
		{2BCDF360-74E1-42E9-AE1F-91CB3B63B11E}.Debug|Any CPU.ActiveCfg = Debug|Any CPU
		{2BCDF360-74E1-42E9-AE1F-91CB3B63B11E}.Debug|Any CPU.Build.0 = Debug|Any CPU
		{2BCDF360-74E1-42E9-AE1F-91CB3B63B11E}.Debug|x64.ActiveCfg = Debug|Any CPU
		{2BCDF360-74E1-42E9-AE1F-91CB3B63B11E}.Debug|x64.Build.0 = Debug|Any CPU
		{2BCDF360-74E1-42E9-AE1F-91CB3B63B11E}.Debug|x86.ActiveCfg = Debug|Any CPU
		{2BCDF360-74E1-42E9-AE1F-91CB3B63B11E}.Debug|x86.Build.0 = Debug|Any CPU
		{2BCDF360-74E1-42E9-AE1F-91CB3B63B11E}.Release|Any CPU.ActiveCfg = Release|Any CPU
		{2BCDF360-74E1-42E9-AE1F-91CB3B63B11E}.Release|Any CPU.Build.0 = Release|Any CPU
		{2BCDF360-74E1-42E9-AE1F-91CB3B63B11E}.Release|x64.ActiveCfg = Release|Any CPU
		{2BCDF360-74E1-42E9-AE1F-91CB3B63B11E}.Release|x64.Build.0 = Release|Any CPU
		{2BCDF360-74E1-42E9-AE1F-91CB3B63B11E}.Release|x86.ActiveCfg = Release|Any CPU
		{2BCDF360-74E1-42E9-AE1F-91CB3B63B11E}.Release|x86.Build.0 = Release|Any CPU
		{72AB7F0F-C52B-4A33-AEA1-1246B7C51AB3}.Debug|Any CPU.ActiveCfg = Debug|Any CPU
		{72AB7F0F-C52B-4A33-AEA1-1246B7C51AB3}.Debug|Any CPU.Build.0 = Debug|Any CPU
		{72AB7F0F-C52B-4A33-AEA1-1246B7C51AB3}.Debug|x64.ActiveCfg = Debug|Any CPU
		{72AB7F0F-C52B-4A33-AEA1-1246B7C51AB3}.Debug|x64.Build.0 = Debug|Any CPU
		{72AB7F0F-C52B-4A33-AEA1-1246B7C51AB3}.Debug|x86.ActiveCfg = Debug|Any CPU
		{72AB7F0F-C52B-4A33-AEA1-1246B7C51AB3}.Debug|x86.Build.0 = Debug|Any CPU
		{72AB7F0F-C52B-4A33-AEA1-1246B7C51AB3}.Release|Any CPU.ActiveCfg = Release|Any CPU
		{72AB7F0F-C52B-4A33-AEA1-1246B7C51AB3}.Release|Any CPU.Build.0 = Release|Any CPU
		{72AB7F0F-C52B-4A33-AEA1-1246B7C51AB3}.Release|x64.ActiveCfg = Release|Any CPU
		{72AB7F0F-C52B-4A33-AEA1-1246B7C51AB3}.Release|x64.Build.0 = Release|Any CPU
		{72AB7F0F-C52B-4A33-AEA1-1246B7C51AB3}.Release|x86.ActiveCfg = Release|Any CPU
		{72AB7F0F-C52B-4A33-AEA1-1246B7C51AB3}.Release|x86.Build.0 = Release|Any CPU
		{38E19BE0-B8BB-4E7A-BF16-566AE2853256}.Debug|Any CPU.ActiveCfg = Debug|Any CPU
		{38E19BE0-B8BB-4E7A-BF16-566AE2853256}.Debug|Any CPU.Build.0 = Debug|Any CPU
		{38E19BE0-B8BB-4E7A-BF16-566AE2853256}.Debug|x64.ActiveCfg = Debug|Any CPU
		{38E19BE0-B8BB-4E7A-BF16-566AE2853256}.Debug|x64.Build.0 = Debug|Any CPU
		{38E19BE0-B8BB-4E7A-BF16-566AE2853256}.Debug|x86.ActiveCfg = Debug|Any CPU
		{38E19BE0-B8BB-4E7A-BF16-566AE2853256}.Debug|x86.Build.0 = Debug|Any CPU
		{38E19BE0-B8BB-4E7A-BF16-566AE2853256}.Release|Any CPU.ActiveCfg = Release|Any CPU
		{38E19BE0-B8BB-4E7A-BF16-566AE2853256}.Release|Any CPU.Build.0 = Release|Any CPU
		{38E19BE0-B8BB-4E7A-BF16-566AE2853256}.Release|x64.ActiveCfg = Release|Any CPU
		{38E19BE0-B8BB-4E7A-BF16-566AE2853256}.Release|x64.Build.0 = Release|Any CPU
		{38E19BE0-B8BB-4E7A-BF16-566AE2853256}.Release|x86.ActiveCfg = Release|Any CPU
		{38E19BE0-B8BB-4E7A-BF16-566AE2853256}.Release|x86.Build.0 = Release|Any CPU
	EndGlobalSection
	GlobalSection(SolutionProperties) = preSolution
		HideSolutionNode = FALSE
	EndGlobalSection
	GlobalSection(NestedProjects) = preSolution
		{6C2DF836-13D8-4319-9155-EFFAD720EF10} = {827E0CD3-B72D-47B6-A68D-7590B98EB39B}
		{A4C07E36-7D09-4B7A-A39A-21D02C3F066B} = {3F5A59D5-ED0D-4327-B3DD-079C0D043E22}
		{1A968562-B38D-454E-9015-FD8788010D31} = {827E0CD3-B72D-47B6-A68D-7590B98EB39B}
		{2BCDF360-74E1-42E9-AE1F-91CB3B63B11E} = {827E0CD3-B72D-47B6-A68D-7590B98EB39B}
		{72AB7F0F-C52B-4A33-AEA1-1246B7C51AB3} = {827E0CD3-B72D-47B6-A68D-7590B98EB39B}
		{38E19BE0-B8BB-4E7A-BF16-566AE2853256} = {827E0CD3-B72D-47B6-A68D-7590B98EB39B}
	EndGlobalSection
EndGlobal
